
Microsoft Visual Studio Solution File, Format Version 12.00
# Visual Studio Version 16
VisualStudioVersion = 16.0.30611.23
MinimumVisualStudioVersion = 10.0.40219.1
Project("{2150E333-8FDC-42A3-9474-1A3956D46DE8}") = "Presentation", "Presentation", "{4017C76B-F76F-45BB-9E52-CBC40756CD84}"
EndProject
Project("{FAE04EC0-301F-11D3-BF4B-00C04F79EFBC}") = "PresentationWebApp", "PresentationWebApp\PresentationWebApp.csproj", "{0B6E6F7D-A787-417E-8959-709E3F959DBB}"
EndProject
Global
	GlobalSection(SolutionConfigurationPlatforms) = preSolution
		Debug|Any CPU = Debug|Any CPU
		Release|Any CPU = Release|Any CPU
	EndGlobalSection
	GlobalSection(ProjectConfigurationPlatforms) = postSolution
		{0B6E6F7D-A787-417E-8959-709E3F959DBB}.Debug|Any CPU.ActiveCfg = Debug|Any CPU
		{0B6E6F7D-A787-417E-8959-709E3F959DBB}.Debug|Any CPU.Build.0 = Debug|Any CPU
		{0B6E6F7D-A787-417E-8959-709E3F959DBB}.Release|Any CPU.ActiveCfg = Release|Any CPU
		{0B6E6F7D-A787-417E-8959-709E3F959DBB}.Release|Any CPU.Build.0 = Release|Any CPU
	EndGlobalSection
	GlobalSection(SolutionProperties) = preSolution
		HideSolutionNode = FALSE
	EndGlobalSection
	GlobalSection(NestedProjects) = preSolution
		{0B6E6F7D-A787-417E-8959-709E3F959DBB} = {4017C76B-F76F-45BB-9E52-CBC40756CD84}
	EndGlobalSection
	GlobalSection(ExtensibilityGlobals) = postSolution
		SolutionGuid = {40637D8D-92C2-4EA7-844C-984F7955045A}
	EndGlobalSection
EndGlobal
